{
  "requires": true,
  "lockfileVersion": 1,
  "dependencies": {
    "npmdemoforcalc": {
      "version": "1.0.0",
      "resolved": "https://registry.npmjs.org/npmdemoforcalc/-/npmdemoforcalc-1.0.0.tgz",
      "integrity": "sha512-wTcHeA7RoaPv1wcmII/1AZFKVcLgABz/YKxQlEskU0BMm5H7OiJKNQSrYPAkNQNHCeQzvRAmkMpjNoPbqekmfg=="
    }
  }
}
